
Microsoft Visual Studio Solution File, Format Version 12.00
# Visual Studio 15
VisualStudioVersion = 15.0.26430.13
MinimumVisualStudioVersion = 10.0.40219.1
Project("{FAE04EC0-301F-11D3-BF4B-00C04F79EFBC}") = "Notepad", "Notepad\Notepad.csproj", "{59E04638-82F6-4FCE-A195-C97E10E7E0BE}"
EndProject
Global
	GlobalSection(SolutionConfigurationPlatforms) = preSolution
		Debug|Any CPU = Debug|Any CPU
		Release|Any CPU = Release|Any CPU
	EndGlobalSection
	GlobalSection(ProjectConfigurationPlatforms) = postSolution
		{59E04638-82F6-4FCE-A195-C97E10E7E0BE}.Debug|Any CPU.ActiveCfg = Debug|Any CPU
		{59E04638-82F6-4FCE-A195-C97E10E7E0BE}.Debug|Any CPU.Build.0 = Debug|Any CPU
		{59E04638-82F6-4FCE-A195-C97E10E7E0BE}.Release|Any CPU.ActiveCfg = Release|Any CPU
		{59E04638-82F6-4FCE-A195-C97E10E7E0BE}.Release|Any CPU.Build.0 = Release|Any CPU
	EndGlobalSection
	GlobalSection(SolutionProperties) = preSolution
		HideSolutionNode = FALSE
	EndGlobalSection
EndGlobal
